
Microsoft Visual Studio Solution File, Format Version 12.00
# Visual Studio Version 16
VisualStudioVersion = 16.0.28803.352
MinimumVisualStudioVersion = 10.0.40219.1
Project("{FAE04EC0-301F-11D3-BF4B-00C04F79EFBC}") = "AbstractInterfaces", "AbstractInterfaces\AbstractInterfaces.csproj", "{9175925A-3A02-4969-BBF9-C9C6DDCDF7F8}"
EndProject
Global
	GlobalSection(SolutionConfigurationPlatforms) = preSolution
		Debug|Any CPU = Debug|Any CPU
		Release|Any CPU = Release|Any CPU
	EndGlobalSection
	GlobalSection(ProjectConfigurationPlatforms) = postSolution
		{9175925A-3A02-4969-BBF9-C9C6DDCDF7F8}.Debug|Any CPU.ActiveCfg = Debug|Any CPU
		{9175925A-3A02-4969-BBF9-C9C6DDCDF7F8}.Debug|Any CPU.Build.0 = Debug|Any CPU
		{9175925A-3A02-4969-BBF9-C9C6DDCDF7F8}.Release|Any CPU.ActiveCfg = Release|Any CPU
		{9175925A-3A02-4969-BBF9-C9C6DDCDF7F8}.Release|Any CPU.Build.0 = Release|Any CPU
	EndGlobalSection
	GlobalSection(SolutionProperties) = preSolution
		HideSolutionNode = FALSE
	EndGlobalSection
	GlobalSection(ExtensibilityGlobals) = postSolution
		SolutionGuid = {80CC9A7A-6DEB-470A-8C52-DA8A64E7FA98}
	EndGlobalSection
EndGlobal
